# THIS IS AN AUTOGENERATED FILE. DO NOT EDIT THIS FILE DIRECTLY.
# yarn lockfile v1


jquery@^3.5.1:
  version "3.6.0"
  resolved "https://registry.yarnpkg.com/jquery/-/jquery-3.6.0.tgz#c72a09f15c1bdce142f49dbf1170bdf8adac2470"
  integrity sha512-JVzAR/AjBvVt2BmYhxRCSYysDsPcssdmTFnzyLEts9qNwmjmu4JTAMYubEfwVOSwpQ1I1sKKFcxhZCI2buerfw==

material-design-icons@*:
  version "3.0.1"
  resolved "https://registry.yarnpkg.com/material-design-icons/-/material-design-icons-3.0.1.tgz#9a71c48747218ebca51e51a66da682038cdcb7bf"
  integrity sha1-mnHEh0chjrylHlGmbaaCA4zct78=

uikit@^3.5.7:
  version "3.13.4"
  resolved "https://registry.yarnpkg.com/uikit/-/uikit-3.13.4.tgz#44d2c6c4a8faec891feffe15732ea7cfc07701ee"
  integrity sha512-/35rM0gldpNFCMaQarVdv9qRgB7stitwGGto7mfXNVF50z2eg1xzcuMJPzdlNo5+sLIUqw+e6wYq+lZWzz6lyQ==
